
Microsoft Visual Studio Solution File, Format Version 12.00
# Visual Studio Version 17
VisualStudioVersion = 17.8.34408.163
MinimumVisualStudioVersion = 10.0.40219.1
Project("{9A19103F-16F7-4668-BE54-9A1E7A4F7556}") = "DomainCoreApi", "DomainCoreApi\DomainCoreApi.csproj", "{6F4AEFBE-C30F-4F6C-B5B1-2341E8BF5E9C}"
EndProject
Project("{9A19103F-16F7-4668-BE54-9A1E7A4F7556}") = "DomainRTCApi", "DomainRTCApi\DomainRTCApi.csproj", "{CAA4C0C6-599E-43A5-970B-8F7E3BD84F8A}"
EndProject
Project("{9A19103F-16F7-4668-BE54-9A1E7A4F7556}") = "DomainPushNotificationApi", "DomainPushNotificationApi\DomainPushNotificationApi.csproj", "{D4A8B7DD-6870-4DAE-955C-F447796B8700}"
EndProject
Project("{FAE04EC0-301F-11D3-BF4B-00C04F79EFBC}") = "CoreLib", "CoreLib\CoreLib.csproj", "{080898C7-71D7-49EC-A7C1-F305883826B2}"
EndProject
Global
	GlobalSection(SolutionConfigurationPlatforms) = preSolution
		Debug|Any CPU = Debug|Any CPU
		Release|Any CPU = Release|Any CPU
	EndGlobalSection
	GlobalSection(ProjectConfigurationPlatforms) = postSolution
		{6F4AEFBE-C30F-4F6C-B5B1-2341E8BF5E9C}.Debug|Any CPU.ActiveCfg = Debug|Any CPU
		{6F4AEFBE-C30F-4F6C-B5B1-2341E8BF5E9C}.Debug|Any CPU.Build.0 = Debug|Any CPU
		{6F4AEFBE-C30F-4F6C-B5B1-2341E8BF5E9C}.Release|Any CPU.ActiveCfg = Release|Any CPU
		{6F4AEFBE-C30F-4F6C-B5B1-2341E8BF5E9C}.Release|Any CPU.Build.0 = Release|Any CPU
		{CAA4C0C6-599E-43A5-970B-8F7E3BD84F8A}.Debug|Any CPU.ActiveCfg = Debug|Any CPU
		{CAA4C0C6-599E-43A5-970B-8F7E3BD84F8A}.Debug|Any CPU.Build.0 = Debug|Any CPU
		{CAA4C0C6-599E-43A5-970B-8F7E3BD84F8A}.Release|Any CPU.ActiveCfg = Release|Any CPU
		{CAA4C0C6-599E-43A5-970B-8F7E3BD84F8A}.Release|Any CPU.Build.0 = Release|Any CPU
		{D4A8B7DD-6870-4DAE-955C-F447796B8700}.Debug|Any CPU.ActiveCfg = Debug|Any CPU
		{D4A8B7DD-6870-4DAE-955C-F447796B8700}.Debug|Any CPU.Build.0 = Debug|Any CPU
		{D4A8B7DD-6870-4DAE-955C-F447796B8700}.Release|Any CPU.ActiveCfg = Release|Any CPU
		{D4A8B7DD-6870-4DAE-955C-F447796B8700}.Release|Any CPU.Build.0 = Release|Any CPU
		{080898C7-71D7-49EC-A7C1-F305883826B2}.Debug|Any CPU.ActiveCfg = Debug|Any CPU
		{080898C7-71D7-49EC-A7C1-F305883826B2}.Debug|Any CPU.Build.0 = Debug|Any CPU
		{080898C7-71D7-49EC-A7C1-F305883826B2}.Release|Any CPU.ActiveCfg = Release|Any CPU
		{080898C7-71D7-49EC-A7C1-F305883826B2}.Release|Any CPU.Build.0 = Release|Any CPU
	EndGlobalSection
	GlobalSection(SolutionProperties) = preSolution
		HideSolutionNode = FALSE
	EndGlobalSection
	GlobalSection(ExtensibilityGlobals) = postSolution
		SolutionGuid = {128C9CB7-8ED4-4F64-8CD5-104959C0C1C7}
	EndGlobalSection
EndGlobal
