
Microsoft Visual Studio Solution File, Format Version 12.00
# Visual Studio Version 17
VisualStudioVersion = 17.8.34408.163
MinimumVisualStudioVersion = 10.0.40219.1
Project("{9A19103F-16F7-4668-BE54-9A1E7A4F7556}") = "EchoAspire.AppHost", "EchoAspire\EchoAspire.AppHost\EchoAspire.AppHost.csproj", "{96B6F7D8-1BF2-4B2B-AC29-3B36A5B3459D}"
EndProject
Project("{9A19103F-16F7-4668-BE54-9A1E7A4F7556}") = "EchoAspire.ServiceDefaults", "EchoAspire\EchoAspire.ServiceDefaults\EchoAspire.ServiceDefaults.csproj", "{9B54B4A4-8CD4-473C-880C-A4F467A39070}"
EndProject
Project("{9A19103F-16F7-4668-BE54-9A1E7A4F7556}") = "EchoAspire.Tests", "EchoAspire.Tests\EchoAspire.Tests.csproj", "{63011E93-928C-4C29-B8B3-206134BDB4CB}"
EndProject
Project("{9A19103F-16F7-4668-BE54-9A1E7A4F7556}") = "Echo.Application.Contracts", "Echo.Application.Contracts\Echo.Application.Contracts.csproj", "{F0B84172-2DA0-433D-965B-706346C0CF78}"
EndProject
Project("{9A19103F-16F7-4668-BE54-9A1E7A4F7556}") = "Echo.Domain.Shared", "Echo.Domain.Shared\Echo.Domain.Shared.csproj", "{575E69E9-EC3F-445A-A1EF-218F96FEBF58}"
EndProject
Project("{9A19103F-16F7-4668-BE54-9A1E7A4F7556}") = "Echo.Application", "Echo.Application\Echo.Application.csproj", "{A80E89F6-7B58-4ABD-AE6D-1071DF10D2A4}"
EndProject
Project("{9A19103F-16F7-4668-BE54-9A1E7A4F7556}") = "Echo.Auth", "Echo.Auth\Echo.Auth.csproj", "{DEA32F9D-78C7-45E9-AC48-289EF75AEA6D}"
EndProject
Project("{9A19103F-16F7-4668-BE54-9A1E7A4F7556}") = "Echo.Chat.API", "Echo.Chat.API\Echo.Chat.API.csproj", "{6DBCAFF7-F7B2-44E6-A2CA-98AD4A905EE7}"
EndProject
Project("{9A19103F-16F7-4668-BE54-9A1E7A4F7556}") = "Echo.Chat.PushNotification", "Echo.Chat.PushNotification\Echo.Chat.PushNotification.csproj", "{24E747DA-EA62-4310-A6EA-F7F16D9A36B4}"
EndProject
Project("{9A19103F-16F7-4668-BE54-9A1E7A4F7556}") = "Echo.Chat.RTC", "Echo.Chat.RTC\Echo.Chat.RTC.csproj", "{09D5BB65-85B8-43AE-852F-98F1F321FCF7}"
EndProject
Project("{9A19103F-16F7-4668-BE54-9A1E7A4F7556}") = "Echo.Domain.EntityFrameworkCore", "Echo.Domain.EntityFrameworkCore\Echo.Domain.EntityFrameworkCore.csproj", "{0CC078D6-C300-448C-A465-ACBD2A13E7AC}"
EndProject
Project("{9A19103F-16F7-4668-BE54-9A1E7A4F7556}") = "Echo.Chat.Web", "Echo.Chat.Web\Echo.Chat.Web\Echo.Chat.Web.csproj", "{AA525A2E-F435-4E07-B801-3A479D8C401A}"
EndProject
Project("{9A19103F-16F7-4668-BE54-9A1E7A4F7556}") = "Echo.Chat.Web.Client", "Echo.Chat.Web\Echo.Chat.Web.Client\Echo.Chat.Web.Client.csproj", "{AFA9D305-27EC-49D2-B821-2BE9EB0A9D5C}"
EndProject
Project("{FAE04EC0-301F-11D3-BF4B-00C04F79EFBC}") = "Echo.SystemOrchestrator.AppHost", "Echo.SystemOrchestrator\Echo.SystemOrchestrator.AppHost\Echo.SystemOrchestrator.AppHost.csproj", "{D6D08832-96F1-49A1-B3F2-72DE025FD924}"
EndProject
Project("{9A19103F-16F7-4668-BE54-9A1E7A4F7556}") = "Echo.SystemOrchestrator.ServiceDefaults", "Echo.SystemOrchestrator\Echo.SystemOrchestrator.ServiceDefaults\Echo.SystemOrchestrator.ServiceDefaults.csproj", "{0947D5FA-178D-4D14-B080-A4DE7431A00F}"
EndProject
Global
	GlobalSection(SolutionConfigurationPlatforms) = preSolution
		Debug|Any CPU = Debug|Any CPU
		Release|Any CPU = Release|Any CPU
	EndGlobalSection
	GlobalSection(ProjectConfigurationPlatforms) = postSolution
		{96B6F7D8-1BF2-4B2B-AC29-3B36A5B3459D}.Debug|Any CPU.ActiveCfg = Debug|Any CPU
		{96B6F7D8-1BF2-4B2B-AC29-3B36A5B3459D}.Debug|Any CPU.Build.0 = Debug|Any CPU
		{96B6F7D8-1BF2-4B2B-AC29-3B36A5B3459D}.Release|Any CPU.ActiveCfg = Release|Any CPU
		{96B6F7D8-1BF2-4B2B-AC29-3B36A5B3459D}.Release|Any CPU.Build.0 = Release|Any CPU
		{9B54B4A4-8CD4-473C-880C-A4F467A39070}.Debug|Any CPU.ActiveCfg = Debug|Any CPU
		{9B54B4A4-8CD4-473C-880C-A4F467A39070}.Debug|Any CPU.Build.0 = Debug|Any CPU
		{9B54B4A4-8CD4-473C-880C-A4F467A39070}.Release|Any CPU.ActiveCfg = Release|Any CPU
		{9B54B4A4-8CD4-473C-880C-A4F467A39070}.Release|Any CPU.Build.0 = Release|Any CPU
		{63011E93-928C-4C29-B8B3-206134BDB4CB}.Debug|Any CPU.ActiveCfg = Debug|Any CPU
		{63011E93-928C-4C29-B8B3-206134BDB4CB}.Debug|Any CPU.Build.0 = Debug|Any CPU
		{63011E93-928C-4C29-B8B3-206134BDB4CB}.Release|Any CPU.ActiveCfg = Release|Any CPU
		{63011E93-928C-4C29-B8B3-206134BDB4CB}.Release|Any CPU.Build.0 = Release|Any CPU
		{F0B84172-2DA0-433D-965B-706346C0CF78}.Debug|Any CPU.ActiveCfg = Debug|Any CPU
		{F0B84172-2DA0-433D-965B-706346C0CF78}.Debug|Any CPU.Build.0 = Debug|Any CPU
		{F0B84172-2DA0-433D-965B-706346C0CF78}.Release|Any CPU.ActiveCfg = Release|Any CPU
		{F0B84172-2DA0-433D-965B-706346C0CF78}.Release|Any CPU.Build.0 = Release|Any CPU
		{575E69E9-EC3F-445A-A1EF-218F96FEBF58}.Debug|Any CPU.ActiveCfg = Debug|Any CPU
		{575E69E9-EC3F-445A-A1EF-218F96FEBF58}.Debug|Any CPU.Build.0 = Debug|Any CPU
		{575E69E9-EC3F-445A-A1EF-218F96FEBF58}.Release|Any CPU.ActiveCfg = Release|Any CPU
		{575E69E9-EC3F-445A-A1EF-218F96FEBF58}.Release|Any CPU.Build.0 = Release|Any CPU
		{A80E89F6-7B58-4ABD-AE6D-1071DF10D2A4}.Debug|Any CPU.ActiveCfg = Debug|Any CPU
		{A80E89F6-7B58-4ABD-AE6D-1071DF10D2A4}.Debug|Any CPU.Build.0 = Debug|Any CPU
		{A80E89F6-7B58-4ABD-AE6D-1071DF10D2A4}.Release|Any CPU.ActiveCfg = Release|Any CPU
		{A80E89F6-7B58-4ABD-AE6D-1071DF10D2A4}.Release|Any CPU.Build.0 = Release|Any CPU
		{DEA32F9D-78C7-45E9-AC48-289EF75AEA6D}.Debug|Any CPU.ActiveCfg = Debug|Any CPU
		{DEA32F9D-78C7-45E9-AC48-289EF75AEA6D}.Debug|Any CPU.Build.0 = Debug|Any CPU
		{DEA32F9D-78C7-45E9-AC48-289EF75AEA6D}.Release|Any CPU.ActiveCfg = Release|Any CPU
		{DEA32F9D-78C7-45E9-AC48-289EF75AEA6D}.Release|Any CPU.Build.0 = Release|Any CPU
		{6DBCAFF7-F7B2-44E6-A2CA-98AD4A905EE7}.Debug|Any CPU.ActiveCfg = Debug|Any CPU
		{6DBCAFF7-F7B2-44E6-A2CA-98AD4A905EE7}.Debug|Any CPU.Build.0 = Debug|Any CPU
		{6DBCAFF7-F7B2-44E6-A2CA-98AD4A905EE7}.Release|Any CPU.ActiveCfg = Release|Any CPU
		{6DBCAFF7-F7B2-44E6-A2CA-98AD4A905EE7}.Release|Any CPU.Build.0 = Release|Any CPU
		{24E747DA-EA62-4310-A6EA-F7F16D9A36B4}.Debug|Any CPU.ActiveCfg = Debug|Any CPU
		{24E747DA-EA62-4310-A6EA-F7F16D9A36B4}.Debug|Any CPU.Build.0 = Debug|Any CPU
		{24E747DA-EA62-4310-A6EA-F7F16D9A36B4}.Release|Any CPU.ActiveCfg = Release|Any CPU
		{24E747DA-EA62-4310-A6EA-F7F16D9A36B4}.Release|Any CPU.Build.0 = Release|Any CPU
		{09D5BB65-85B8-43AE-852F-98F1F321FCF7}.Debug|Any CPU.ActiveCfg = Debug|Any CPU
		{09D5BB65-85B8-43AE-852F-98F1F321FCF7}.Debug|Any CPU.Build.0 = Debug|Any CPU
		{09D5BB65-85B8-43AE-852F-98F1F321FCF7}.Release|Any CPU.ActiveCfg = Release|Any CPU
		{09D5BB65-85B8-43AE-852F-98F1F321FCF7}.Release|Any CPU.Build.0 = Release|Any CPU
		{0CC078D6-C300-448C-A465-ACBD2A13E7AC}.Debug|Any CPU.ActiveCfg = Debug|Any CPU
		{0CC078D6-C300-448C-A465-ACBD2A13E7AC}.Debug|Any CPU.Build.0 = Debug|Any CPU
		{0CC078D6-C300-448C-A465-ACBD2A13E7AC}.Release|Any CPU.ActiveCfg = Release|Any CPU
		{0CC078D6-C300-448C-A465-ACBD2A13E7AC}.Release|Any CPU.Build.0 = Release|Any CPU
		{AA525A2E-F435-4E07-B801-3A479D8C401A}.Debug|Any CPU.ActiveCfg = Debug|Any CPU
		{AA525A2E-F435-4E07-B801-3A479D8C401A}.Debug|Any CPU.Build.0 = Debug|Any CPU
		{AA525A2E-F435-4E07-B801-3A479D8C401A}.Release|Any CPU.ActiveCfg = Release|Any CPU
		{AA525A2E-F435-4E07-B801-3A479D8C401A}.Release|Any CPU.Build.0 = Release|Any CPU
		{AFA9D305-27EC-49D2-B821-2BE9EB0A9D5C}.Debug|Any CPU.ActiveCfg = Debug|Any CPU
		{AFA9D305-27EC-49D2-B821-2BE9EB0A9D5C}.Debug|Any CPU.Build.0 = Debug|Any CPU
		{AFA9D305-27EC-49D2-B821-2BE9EB0A9D5C}.Release|Any CPU.ActiveCfg = Release|Any CPU
		{AFA9D305-27EC-49D2-B821-2BE9EB0A9D5C}.Release|Any CPU.Build.0 = Release|Any CPU
		{D6D08832-96F1-49A1-B3F2-72DE025FD924}.Debug|Any CPU.ActiveCfg = Debug|Any CPU
		{D6D08832-96F1-49A1-B3F2-72DE025FD924}.Debug|Any CPU.Build.0 = Debug|Any CPU
		{D6D08832-96F1-49A1-B3F2-72DE025FD924}.Release|Any CPU.ActiveCfg = Release|Any CPU
		{D6D08832-96F1-49A1-B3F2-72DE025FD924}.Release|Any CPU.Build.0 = Release|Any CPU
		{0947D5FA-178D-4D14-B080-A4DE7431A00F}.Debug|Any CPU.ActiveCfg = Debug|Any CPU
		{0947D5FA-178D-4D14-B080-A4DE7431A00F}.Debug|Any CPU.Build.0 = Debug|Any CPU
		{0947D5FA-178D-4D14-B080-A4DE7431A00F}.Release|Any CPU.ActiveCfg = Release|Any CPU
		{0947D5FA-178D-4D14-B080-A4DE7431A00F}.Release|Any CPU.Build.0 = Release|Any CPU
	EndGlobalSection
	GlobalSection(SolutionProperties) = preSolution
		HideSolutionNode = FALSE
	EndGlobalSection
	GlobalSection(ExtensibilityGlobals) = postSolution
		SolutionGuid = {128C9CB7-8ED4-4F64-8CD5-104959C0C1C7}
	EndGlobalSection
EndGlobal
